// !$*UTF8*$!
{
	archiveVersion = 1;
	classes = {
	};
	objectVersion = 56;
	objects = {

/* Begin PBXBuildFile section */
		C22820482B94FE5A006E3304 /* CardCell.swift in Sources */ = {isa = PBXBuildFile; fileRef = C22820472B94FE5A006E3304 /* CardCell.swift */; };
		C228204A2B9512E4006E3304 /* GameManager.swift in Sources */ = {isa = PBXBuildFile; fileRef = C22820492B9512E4006E3304 /* GameManager.swift */; };
		C22820532B9518BD006E3304 /* CardViewModel.swift in Sources */ = {isa = PBXBuildFile; fileRef = C22820522B9518BD006E3304 /* CardViewModel.swift */; };
		C22820552B95C85E006E3304 /* GameViewController.swift in Sources */ = {isa = PBXBuildFile; fileRef = C22820542B95C85E006E3304 /* GameViewController.swift */; };
		C22820572B95D363006E3304 /* Game.swift in Sources */ = {isa = PBXBuildFile; fileRef = C22820562B95D363006E3304 /* Game.swift */; };
		C22820592B9747E6006E3304 /* LeaderBoardViewController.swift in Sources */ = {isa = PBXBuildFile; fileRef = C22820582B9747E6006E3304 /* LeaderBoardViewController.swift */; };
		C228205F2B9748D8006E3304 /* PlayersDB.xcdatamodeld in Sources */ = {isa = PBXBuildFile; fileRef = C228205D2B9748D8006E3304 /* PlayersDB.xcdatamodeld */; };
		C22820622B9749BE006E3304 /* Player+CoreDataClass.swift in Sources */ = {isa = PBXBuildFile; fileRef = C22820602B9749BE006E3304 /* Player+CoreDataClass.swift */; };
		C22820632B9749BE006E3304 /* Player+CoreDataProperties.swift in Sources */ = {isa = PBXBuildFile; fileRef = C22820612B9749BE006E3304 /* Player+CoreDataProperties.swift */; };
		C22820652B974E41006E3304 /* PlayerCell.swift in Sources */ = {isa = PBXBuildFile; fileRef = C22820642B974E41006E3304 /* PlayerCell.swift */; };
		C22820672B975D46006E3304 /* DataBaseManager.swift in Sources */ = {isa = PBXBuildFile; fileRef = C22820662B975D45006E3304 /* DataBaseManager.swift */; };
		C22820A12B978BA0006E3304 /* libMyStaticLibrary.a in Frameworks */ = {isa = PBXBuildFile; fileRef = C228209B2B97848D006E3304 /* libMyStaticLibrary.a */; };
		C255054F2B94CA11007D7FF9 /* AppDelegate.swift in Sources */ = {isa = PBXBuildFile; fileRef = C255054E2B94CA11007D7FF9 /* AppDelegate.swift */; };
		C25505512B94CA11007D7FF9 /* SceneDelegate.swift in Sources */ = {isa = PBXBuildFile; fileRef = C25505502B94CA11007D7FF9 /* SceneDelegate.swift */; };
		C25505532B94CA11007D7FF9 /* InitialViewController.swift in Sources */ = {isa = PBXBuildFile; fileRef = C25505522B94CA11007D7FF9 /* InitialViewController.swift */; };
		C25505562B94CA11007D7FF9 /* Main.storyboard in Resources */ = {isa = PBXBuildFile; fileRef = C25505542B94CA11007D7FF9 /* Main.storyboard */; };
		C25505582B94CA13007D7FF9 /* Assets.xcassets in Resources */ = {isa = PBXBuildFile; fileRef = C25505572B94CA13007D7FF9 /* Assets.xcassets */; };
		C255055B2B94CA13007D7FF9 /* LaunchScreen.storyboard in Resources */ = {isa = PBXBuildFile; fileRef = C25505592B94CA13007D7FF9 /* LaunchScreen.storyboard */; };
		C25505632B94CB8A007D7FF9 /* CardColor.swift in Sources */ = {isa = PBXBuildFile; fileRef = C25505622B94CB8A007D7FF9 /* CardColor.swift */; };
		C255056A2B94EDAD007D7FF9 /* API.swift in Sources */ = {isa = PBXBuildFile; fileRef = C25505692B94EDAD007D7FF9 /* API.swift */; };
/* End PBXBuildFile section */

/* Begin PBXFileReference section */
		C22820472B94FE5A006E3304 /* CardCell.swift */ = {isa = PBXFileReference; lastKnownFileType = sourcecode.swift; path = CardCell.swift; sourceTree = "<group>"; };
		C22820492B9512E4006E3304 /* GameManager.swift */ = {isa = PBXFileReference; lastKnownFileType = sourcecode.swift; path = GameManager.swift; sourceTree = "<group>"; };
		C22820522B9518BD006E3304 /* CardViewModel.swift */ = {isa = PBXFileReference; lastKnownFileType = sourcecode.swift; path = CardViewModel.swift; sourceTree = "<group>"; };
		C22820542B95C85E006E3304 /* GameViewController.swift */ = {isa = PBXFileReference; lastKnownFileType = sourcecode.swift; path = GameViewController.swift; sourceTree = "<group>"; };
		C22820562B95D363006E3304 /* Game.swift */ = {isa = PBXFileReference; lastKnownFileType = sourcecode.swift; path = Game.swift; sourceTree = "<group>"; };
		C22820582B9747E6006E3304 /* LeaderBoardViewController.swift */ = {isa = PBXFileReference; lastKnownFileType = sourcecode.swift; path = LeaderBoardViewController.swift; sourceTree = "<group>"; };
		C228205E2B9748D8006E3304 /* PlayersDB.xcdatamodel */ = {isa = PBXFileReference; lastKnownFileType = wrapper.xcdatamodel; path = PlayersDB.xcdatamodel; sourceTree = "<group>"; };
		C22820602B9749BE006E3304 /* Player+CoreDataClass.swift */ = {isa = PBXFileReference; lastKnownFileType = sourcecode.swift; path = "Player+CoreDataClass.swift"; sourceTree = "<group>"; };
		C22820612B9749BE006E3304 /* Player+CoreDataProperties.swift */ = {isa = PBXFileReference; lastKnownFileType = sourcecode.swift; path = "Player+CoreDataProperties.swift"; sourceTree = "<group>"; };
		C22820642B974E41006E3304 /* PlayerCell.swift */ = {isa = PBXFileReference; lastKnownFileType = sourcecode.swift; path = PlayerCell.swift; sourceTree = "<group>"; };
		C22820662B975D45006E3304 /* DataBaseManager.swift */ = {isa = PBXFileReference; lastKnownFileType = sourcecode.swift; path = DataBaseManager.swift; sourceTree = "<group>"; };
		C22820842B977D45006E3304 /* libStaticLibrary.a */ = {isa = PBXFileReference; lastKnownFileType = archive.ar; name = libStaticLibrary.a; path = ../../Desktop/libStaticLibrary.a; sourceTree = "<group>"; };
		C228209B2B97848D006E3304 /* libMyStaticLibrary.a */ = {isa = PBXFileReference; lastKnownFileType = archive.ar; name = libMyStaticLibrary.a; path = StaticLibrary/libMyStaticLibrary.a; sourceTree = "<group>"; };
		C255054B2B94CA11007D7FF9 /* MatchingPairs.app */ = {isa = PBXFileReference; explicitFileType = wrapper.application; includeInIndex = 0; path = MatchingPairs.app; sourceTree = BUILT_PRODUCTS_DIR; };
		C255054E2B94CA11007D7FF9 /* AppDelegate.swift */ = {isa = PBXFileReference; lastKnownFileType = sourcecode.swift; path = AppDelegate.swift; sourceTree = "<group>"; };
		C25505502B94CA11007D7FF9 /* SceneDelegate.swift */ = {isa = PBXFileReference; lastKnownFileType = sourcecode.swift; path = SceneDelegate.swift; sourceTree = "<group>"; };
		C25505522B94CA11007D7FF9 /* InitialViewController.swift */ = {isa = PBXFileReference; lastKnownFileType = sourcecode.swift; path = InitialViewController.swift; sourceTree = "<group>"; };
		C25505552B94CA11007D7FF9 /* Base */ = {isa = PBXFileReference; lastKnownFileType = file.storyboard; name = Base; path = Base.lproj/Main.storyboard; sourceTree = "<group>"; };
		C25505572B94CA13007D7FF9 /* Assets.xcassets */ = {isa = PBXFileReference; lastKnownFileType = folder.assetcatalog; path = Assets.xcassets; sourceTree = "<group>"; };
		C255055A2B94CA13007D7FF9 /* Base */ = {isa = PBXFileReference; lastKnownFileType = file.storyboard; name = Base; path = Base.lproj/LaunchScreen.storyboard; sourceTree = "<group>"; };
		C255055C2B94CA13007D7FF9 /* Info.plist */ = {isa = PBXFileReference; lastKnownFileType = text.plist.xml; path = Info.plist; sourceTree = "<group>"; };
		C25505622B94CB8A007D7FF9 /* CardColor.swift */ = {isa = PBXFileReference; lastKnownFileType = sourcecode.swift; path = CardColor.swift; sourceTree = "<group>"; };
		C25505692B94EDAD007D7FF9 /* API.swift */ = {isa = PBXFileReference; lastKnownFileType = sourcecode.swift; path = API.swift; sourceTree = "<group>"; };
/* End PBXFileReference section */

/* Begin PBXFrameworksBuildPhase section */
		C25505482B94CA11007D7FF9 /* Frameworks */ = {
			isa = PBXFrameworksBuildPhase;
			buildActionMask = 2147483647;
			files = (
				C22820A12B978BA0006E3304 /* libMyStaticLibrary.a in Frameworks */,
			);
			runOnlyForDeploymentPostprocessing = 0;
		};
/* End PBXFrameworksBuildPhase section */

/* Begin PBXGroup section */
		C228204D2B95164A006E3304 /* View */ = {
			isa = PBXGroup;
			children = (
				C22820472B94FE5A006E3304 /* CardCell.swift */,
				C22820642B974E41006E3304 /* PlayerCell.swift */,
				C25505522B94CA11007D7FF9 /* InitialViewController.swift */,
				C22820542B95C85E006E3304 /* GameViewController.swift */,
				C22820582B9747E6006E3304 /* LeaderBoardViewController.swift */,
			);
			path = View;
			sourceTree = "<group>";
		};
		C228204E2B95165D006E3304 /* View Model */ = {
			isa = PBXGroup;
			children = (
				C22820522B9518BD006E3304 /* CardViewModel.swift */,
			);
			path = "View Model";
			sourceTree = "<group>";
		};
		C22820832B977D45006E3304 /* Frameworks */ = {
			isa = PBXGroup;
			children = (
				C228209B2B97848D006E3304 /* libMyStaticLibrary.a */,
				C22820842B977D45006E3304 /* libStaticLibrary.a */,
			);
			name = Frameworks;
			sourceTree = "<group>";
		};
		C25505422B94CA11007D7FF9 = {
			isa = PBXGroup;
			children = (
				C255054D2B94CA11007D7FF9 /* MatchingPairs */,
				C255054C2B94CA11007D7FF9 /* Products */,
				C22820832B977D45006E3304 /* Frameworks */,
			);
			sourceTree = "<group>";
		};
		C255054C2B94CA11007D7FF9 /* Products */ = {
			isa = PBXGroup;
			children = (
				C255054B2B94CA11007D7FF9 /* MatchingPairs.app */,
			);
			name = Products;
			sourceTree = "<group>";
		};
		C255054D2B94CA11007D7FF9 /* MatchingPairs */ = {
			isa = PBXGroup;
			children = (
				C228204D2B95164A006E3304 /* View */,
				C228204E2B95165D006E3304 /* View Model */,
				C25505642B94CB8F007D7FF9 /* Model */,
				C25505682B94ED95007D7FF9 /* DataSource */,
				C255054E2B94CA11007D7FF9 /* AppDelegate.swift */,
				C25505502B94CA11007D7FF9 /* SceneDelegate.swift */,
				C25505542B94CA11007D7FF9 /* Main.storyboard */,
				C25505572B94CA13007D7FF9 /* Assets.xcassets */,
				C25505592B94CA13007D7FF9 /* LaunchScreen.storyboard */,
				C255055C2B94CA13007D7FF9 /* Info.plist */,
			);
			path = MatchingPairs;
			sourceTree = "<group>";
		};
		C25505642B94CB8F007D7FF9 /* Model */ = {
			isa = PBXGroup;
			children = (
				C22820602B9749BE006E3304 /* Player+CoreDataClass.swift */,
				C22820612B9749BE006E3304 /* Player+CoreDataProperties.swift */,
				C25505622B94CB8A007D7FF9 /* CardColor.swift */,
				C22820562B95D363006E3304 /* Game.swift */,
				C228205D2B9748D8006E3304 /* PlayersDB.xcdatamodeld */,
			);
			path = Model;
			sourceTree = "<group>";
		};
		C25505682B94ED95007D7FF9 /* DataSource */ = {
			isa = PBXGroup;
			children = (
				C25505692B94EDAD007D7FF9 /* API.swift */,
				C22820662B975D45006E3304 /* DataBaseManager.swift */,
				C22820492B9512E4006E3304 /* GameManager.swift */,
			);
			path = DataSource;
			sourceTree = "<group>";
		};
/* End PBXGroup section */

/* Begin PBXNativeTarget section */
		C255054A2B94CA11007D7FF9 /* MatchingPairs */ = {
			isa = PBXNativeTarget;
			buildConfigurationList = C255055F2B94CA13007D7FF9 /* Build configuration list for PBXNativeTarget "MatchingPairs" */;
			buildPhases = (
				B891C60BC108C9F5C0C4BC25 /* [CP] Check Pods Manifest.lock */,
				C25505472B94CA11007D7FF9 /* Sources */,
				C25505482B94CA11007D7FF9 /* Frameworks */,
				C25505492B94CA11007D7FF9 /* Resources */,
			);
			buildRules = (
			);
			dependencies = (
			);
			name = MatchingPairs;
			productName = MatchingPairs;
			productReference = C255054B2B94CA11007D7FF9 /* MatchingPairs.app */;
			productType = "com.apple.product-type.application";
		};
/* End PBXNativeTarget section */

/* Begin PBXProject section */
		C25505432B94CA11007D7FF9 /* Project object */ = {
			isa = PBXProject;
			attributes = {
				BuildIndependentTargetsInParallel = 1;
				LastSwiftUpdateCheck = 1520;
				LastUpgradeCheck = 1520;
				TargetAttributes = {
					C255054A2B94CA11007D7FF9 = {
						CreatedOnToolsVersion = 15.2;
					};
				};
			};
			buildConfigurationList = C25505462B94CA11007D7FF9 /* Build configuration list for PBXProject "MatchingPairs" */;
			compatibilityVersion = "Xcode 14.0";
			developmentRegion = en;
			hasScannedForEncodings = 0;
			knownRegions = (
				en,
				Base,
			);
			mainGroup = C25505422B94CA11007D7FF9;
			productRefGroup = C255054C2B94CA11007D7FF9 /* Products */;
			projectDirPath = "";
			projectRoot = "";
			targets = (
				C255054A2B94CA11007D7FF9 /* MatchingPairs */,
			);
		};
/* End PBXProject section */

/* Begin PBXResourcesBuildPhase section */
		C25505492B94CA11007D7FF9 /* Resources */ = {
			isa = PBXResourcesBuildPhase;
			buildActionMask = 2147483647;
			files = (
				C255055B2B94CA13007D7FF9 /* LaunchScreen.storyboard in Resources */,
				C25505582B94CA13007D7FF9 /* Assets.xcassets in Resources */,
				C25505562B94CA11007D7FF9 /* Main.storyboard in Resources */,
			);
			runOnlyForDeploymentPostprocessing = 0;
		};
/* End PBXResourcesBuildPhase section */

/* Begin PBXShellScriptBuildPhase section */
		B891C60BC108C9F5C0C4BC25 /* [CP] Check Pods Manifest.lock */ = {
			isa = PBXShellScriptBuildPhase;
			buildActionMask = 2147483647;
			files = (
			);
			inputFileListPaths = (
			);
			inputPaths = (
			);
			name = "[CP] Check Pods Manifest.lock";
			outputFileListPaths = (
			);
			outputPaths = (
				"$(DERIVED_FILE_DIR)/Pods-MatchingPairs-checkManifestLockResult.txt",
			);
			runOnlyForDeploymentPostprocessing = 0;
			shellPath = /bin/sh;
			shellScript = "
";
			showEnvVarsInLog = 0;
		};
/* End PBXShellScriptBuildPhase section */

/* Begin PBXSourcesBuildPhase section */
		C25505472B94CA11007D7FF9 /* Sources */ = {
			isa = PBXSourcesBuildPhase;
			buildActionMask = 2147483647;
			files = (
				C22820672B975D46006E3304 /* DataBaseManager.swift in Sources */,
				C22820482B94FE5A006E3304 /* CardCell.swift in Sources */,
				C255056A2B94EDAD007D7FF9 /* API.swift in Sources */,
				C22820532B9518BD006E3304 /* CardViewModel.swift in Sources */,
				C22820622B9749BE006E3304 /* Player+CoreDataClass.swift in Sources */,
				C25505532B94CA11007D7FF9 /* InitialViewController.swift in Sources */,
				C228205F2B9748D8006E3304 /* PlayersDB.xcdatamodeld in Sources */,
				C228204A2B9512E4006E3304 /* GameManager.swift in Sources */,
				C22820572B95D363006E3304 /* Game.swift in Sources */,
				C25505632B94CB8A007D7FF9 /* CardColor.swift in Sources */,
				C22820652B974E41006E3304 /* PlayerCell.swift in Sources */,
				C22820592B9747E6006E3304 /* LeaderBoardViewController.swift in Sources */,
				C22820632B9749BE006E3304 /* Player+CoreDataProperties.swift in Sources */,
				C255054F2B94CA11007D7FF9 /* AppDelegate.swift in Sources */,
				C22820552B95C85E006E3304 /* GameViewController.swift in Sources */,
				C25505512B94CA11007D7FF9 /* SceneDelegate.swift in Sources */,
			);
			runOnlyForDeploymentPostprocessing = 0;
		};
/* End PBXSourcesBuildPhase section */

/* Begin PBXVariantGroup section */
		C25505542B94CA11007D7FF9 /* Main.storyboard */ = {
			isa = PBXVariantGroup;
			children = (
				C25505552B94CA11007D7FF9 /* Base */,
			);
			name = Main.storyboard;
			sourceTree = "<group>";
		};
		C25505592B94CA13007D7FF9 /* LaunchScreen.storyboard */ = {
			isa = PBXVariantGroup;
			children = (
				C255055A2B94CA13007D7FF9 /* Base */,
			);
			name = LaunchScreen.storyboard;
			sourceTree = "<group>";
		};
/* End PBXVariantGroup section */

/* Begin XCBuildConfiguration section */
		C255055D2B94CA13007D7FF9 /* Debug */ = {
			isa = XCBuildConfiguration;
			buildSettings = {
				ALWAYS_SEARCH_USER_PATHS = NO;
				ASSETCATALOG_COMPILER_GENERATE_SWIFT_ASSET_SYMBOL_EXTENSIONS = YES;
				CLANG_ANALYZER_NONNULL = YES;
				CLANG_ANALYZER_NUMBER_OBJECT_CONVERSION = YES_AGGRESSIVE;
				CLANG_CXX_LANGUAGE_STANDARD = "gnu++20";
				CLANG_ENABLE_MODULES = YES;
				CLANG_ENABLE_OBJC_ARC = YES;
				CLANG_ENABLE_OBJC_WEAK = YES;
				CLANG_WARN_BLOCK_CAPTURE_AUTORELEASING = YES;
				CLANG_WARN_BOOL_CONVERSION = YES;
				CLANG_WARN_COMMA = YES;
				CLANG_WARN_CONSTANT_CONVERSION = YES;
				CLANG_WARN_DEPRECATED_OBJC_IMPLEMENTATIONS = YES;
				CLANG_WARN_DIRECT_OBJC_ISA_USAGE = YES_ERROR;
				CLANG_WARN_DOCUMENTATION_COMMENTS = YES;
				CLANG_WARN_EMPTY_BODY = YES;
				CLANG_WARN_ENUM_CONVERSION = YES;
				CLANG_WARN_INFINITE_RECURSION = YES;
				CLANG_WARN_INT_CONVERSION = YES;
				CLANG_WARN_NON_LITERAL_NULL_CONVERSION = YES;
				CLANG_WARN_OBJC_IMPLICIT_RETAIN_SELF = YES;
				CLANG_WARN_OBJC_LITERAL_CONVERSION = YES;
				CLANG_WARN_OBJC_ROOT_CLASS = YES_ERROR;
				CLANG_WARN_QUOTED_INCLUDE_IN_FRAMEWORK_HEADER = YES;
				CLANG_WARN_RANGE_LOOP_ANALYSIS = YES;
				CLANG_WARN_STRICT_PROTOTYPES = YES;
				CLANG_WARN_SUSPICIOUS_MOVE = YES;
				CLANG_WARN_UNGUARDED_AVAILABILITY = YES_AGGRESSIVE;
				CLANG_WARN_UNREACHABLE_CODE = YES;
				CLANG_WARN__DUPLICATE_METHOD_MATCH = YES;
				COPY_PHASE_STRIP = NO;
				DEBUG_INFORMATION_FORMAT = dwarf;
				ENABLE_STRICT_OBJC_MSGSEND = YES;
				ENABLE_TESTABILITY = YES;
				ENABLE_USER_SCRIPT_SANDBOXING = YES;
				GCC_C_LANGUAGE_STANDARD = gnu17;
				GCC_DYNAMIC_NO_PIC = NO;
				GCC_NO_COMMON_BLOCKS = YES;
				GCC_OPTIMIZATION_LEVEL = 0;
				GCC_PREPROCESSOR_DEFINITIONS = (
					"DEBUG=1",
					"$(inherited)",
				);
				GCC_WARN_64_TO_32_BIT_CONVERSION = YES;
				GCC_WARN_ABOUT_RETURN_TYPE = YES_ERROR;
				GCC_WARN_UNDECLARED_SELECTOR = YES;
				GCC_WARN_UNINITIALIZED_AUTOS = YES_AGGRESSIVE;
				GCC_WARN_UNUSED_FUNCTION = YES;
				GCC_WARN_UNUSED_VARIABLE = YES;
				IPHONEOS_DEPLOYMENT_TARGET = 17.2;
				LOCALIZATION_PREFERS_STRING_CATALOGS = YES;
				MTL_ENABLE_DEBUG_INFO = INCLUDE_SOURCE;
				MTL_FAST_MATH = YES;
				ONLY_ACTIVE_ARCH = YES;
				SDKROOT = iphoneos;
				SWIFT_ACTIVE_COMPILATION_CONDITIONS = "DEBUG $(inherited)";
				SWIFT_OPTIMIZATION_LEVEL = "-Onone";
			};
			name = Debug;
		};
		C255055E2B94CA13007D7FF9 /* Release */ = {
			isa = XCBuildConfiguration;
			buildSettings = {
				ALWAYS_SEARCH_USER_PATHS = NO;
				ASSETCATALOG_COMPILER_GENERATE_SWIFT_ASSET_SYMBOL_EXTENSIONS = YES;
				CLANG_ANALYZER_NONNULL = YES;
				CLANG_ANALYZER_NUMBER_OBJECT_CONVERSION = YES_AGGRESSIVE;
				CLANG_CXX_LANGUAGE_STANDARD = "gnu++20";
				CLANG_ENABLE_MODULES = YES;
				CLANG_ENABLE_OBJC_ARC = YES;
				CLANG_ENABLE_OBJC_WEAK = YES;
				CLANG_WARN_BLOCK_CAPTURE_AUTORELEASING = YES;
				CLANG_WARN_BOOL_CONVERSION = YES;
				CLANG_WARN_COMMA = YES;
				CLANG_WARN_CONSTANT_CONVERSION = YES;
				CLANG_WARN_DEPRECATED_OBJC_IMPLEMENTATIONS = YES;
				CLANG_WARN_DIRECT_OBJC_ISA_USAGE = YES_ERROR;
				CLANG_WARN_DOCUMENTATION_COMMENTS = YES;
				CLANG_WARN_EMPTY_BODY = YES;
				CLANG_WARN_ENUM_CONVERSION = YES;
				CLANG_WARN_INFINITE_RECURSION = YES;
				CLANG_WARN_INT_CONVERSION = YES;
				CLANG_WARN_NON_LITERAL_NULL_CONVERSION = YES;
				CLANG_WARN_OBJC_IMPLICIT_RETAIN_SELF = YES;
				CLANG_WARN_OBJC_LITERAL_CONVERSION = YES;
				CLANG_WARN_OBJC_ROOT_CLASS = YES_ERROR;
				CLANG_WARN_QUOTED_INCLUDE_IN_FRAMEWORK_HEADER = YES;
				CLANG_WARN_RANGE_LOOP_ANALYSIS = YES;
				CLANG_WARN_STRICT_PROTOTYPES = YES;
				CLANG_WARN_SUSPICIOUS_MOVE = YES;
				CLANG_WARN_UNGUARDED_AVAILABILITY = YES_AGGRESSIVE;
				CLANG_WARN_UNREACHABLE_CODE = YES;
				CLANG_WARN__DUPLICATE_METHOD_MATCH = YES;
				COPY_PHASE_STRIP = NO;
				DEBUG_INFORMATION_FORMAT = "dwarf-with-dsym";
				ENABLE_NS_ASSERTIONS = NO;
				ENABLE_STRICT_OBJC_MSGSEND = YES;
				ENABLE_USER_SCRIPT_SANDBOXING = YES;
				GCC_C_LANGUAGE_STANDARD = gnu17;
				GCC_NO_COMMON_BLOCKS = YES;
				GCC_WARN_64_TO_32_BIT_CONVERSION = YES;
				GCC_WARN_ABOUT_RETURN_TYPE = YES_ERROR;
				GCC_WARN_UNDECLARED_SELECTOR = YES;
				GCC_WARN_UNINITIALIZED_AUTOS = YES_AGGRESSIVE;
				GCC_WARN_UNUSED_FUNCTION = YES;
				GCC_WARN_UNUSED_VARIABLE = YES;
				IPHONEOS_DEPLOYMENT_TARGET = 17.2;
				LOCALIZATION_PREFERS_STRING_CATALOGS = YES;
				MTL_ENABLE_DEBUG_INFO = NO;
				MTL_FAST_MATH = YES;
				SDKROOT = iphoneos;
				SWIFT_COMPILATION_MODE = wholemodule;
				VALIDATE_PRODUCT = YES;
			};
			name = Release;
		};
		C25505602B94CA13007D7FF9 /* Debug */ = {
			isa = XCBuildConfiguration;
			buildSettings = {
				ASSETCATALOG_COMPILER_APPICON_NAME = AppIcon;
				ASSETCATALOG_COMPILER_GLOBAL_ACCENT_COLOR_NAME = AccentColor;
				CODE_SIGN_STYLE = Automatic;
				CURRENT_PROJECT_VERSION = 1;
				DEVELOPMENT_TEAM = 6H94T4SL56;
				GENERATE_INFOPLIST_FILE = YES;
				INFOPLIST_FILE = MatchingPairs/Info.plist;
				INFOPLIST_KEY_CFBundleDisplayName = "Matching Pairs";
				INFOPLIST_KEY_UIApplicationSupportsIndirectInputEvents = YES;
				INFOPLIST_KEY_UILaunchStoryboardName = LaunchScreen;
				INFOPLIST_KEY_UIMainStoryboardFile = Main;
				INFOPLIST_KEY_UISupportedInterfaceOrientations_iPad = "UIInterfaceOrientationPortrait UIInterfaceOrientationPortraitUpsideDown UIInterfaceOrientationLandscapeLeft UIInterfaceOrientationLandscapeRight";
				INFOPLIST_KEY_UISupportedInterfaceOrientations_iPhone = "UIInterfaceOrientationPortrait UIInterfaceOrientationLandscapeLeft UIInterfaceOrientationLandscapeRight";
				IPHONEOS_DEPLOYMENT_TARGET = 15.0;
				LD_RUNPATH_SEARCH_PATHS = (
					"$(inherited)",
					"@executable_path/Frameworks",
				);
				LIBRARY_SEARCH_PATHS = "$(PROJECT_DIR)/StaticLibrary";
				MARKETING_VERSION = 1.0;
				PRODUCT_BUNDLE_IDENTIFIER = com.example.MatchingPairs.MatchingPairs;
				PRODUCT_NAME = "$(TARGET_NAME)";
				SWIFT_EMIT_LOC_STRINGS = YES;
				SWIFT_INCLUDE_PATHS = "$(PROJECT_DIR)/StaticLibrary";
				SWIFT_VERSION = 5.0;
				TARGETED_DEVICE_FAMILY = "1,2";
			};
			name = Debug;
		};
		C25505612B94CA13007D7FF9 /* Release */ = {
			isa = XCBuildConfiguration;
			buildSettings = {
				ASSETCATALOG_COMPILER_APPICON_NAME = AppIcon;
				ASSETCATALOG_COMPILER_GLOBAL_ACCENT_COLOR_NAME = AccentColor;
				CODE_SIGN_STYLE = Automatic;
				CURRENT_PROJECT_VERSION = 1;
				DEVELOPMENT_TEAM = 6H94T4SL56;
				GENERATE_INFOPLIST_FILE = YES;
				INFOPLIST_FILE = MatchingPairs/Info.plist;
				INFOPLIST_KEY_CFBundleDisplayName = "Matching Pairs";
				INFOPLIST_KEY_UIApplicationSupportsIndirectInputEvents = YES;
				INFOPLIST_KEY_UILaunchStoryboardName = LaunchScreen;
				INFOPLIST_KEY_UIMainStoryboardFile = Main;
				INFOPLIST_KEY_UISupportedInterfaceOrientations_iPad = "UIInterfaceOrientationPortrait UIInterfaceOrientationPortraitUpsideDown UIInterfaceOrientationLandscapeLeft UIInterfaceOrientationLandscapeRight";
				INFOPLIST_KEY_UISupportedInterfaceOrientations_iPhone = "UIInterfaceOrientationPortrait UIInterfaceOrientationLandscapeLeft UIInterfaceOrientationLandscapeRight";
				IPHONEOS_DEPLOYMENT_TARGET = 15.0;
				LD_RUNPATH_SEARCH_PATHS = (
					"$(inherited)",
					"@executable_path/Frameworks",
				);
				LIBRARY_SEARCH_PATHS = "$(PROJECT_DIR)/StaticLibrary";
				MARKETING_VERSION = 1.0;
				PRODUCT_BUNDLE_IDENTIFIER = com.example.MatchingPairs.MatchingPairs;
				PRODUCT_NAME = "$(TARGET_NAME)";
				SWIFT_EMIT_LOC_STRINGS = YES;
				SWIFT_INCLUDE_PATHS = "$(PROJECT_DIR)/StaticLibrary";
				SWIFT_VERSION = 5.0;
				TARGETED_DEVICE_FAMILY = "1,2";
			};
			name = Release;
		};
/* End XCBuildConfiguration section */

/* Begin XCConfigurationList section */
		C25505462B94CA11007D7FF9 /* Build configuration list for PBXProject "MatchingPairs" */ = {
			isa = XCConfigurationList;
			buildConfigurations = (
				C255055D2B94CA13007D7FF9 /* Debug */,
				C255055E2B94CA13007D7FF9 /* Release */,
			);
			defaultConfigurationIsVisible = 0;
			defaultConfigurationName = Release;
		};
		C255055F2B94CA13007D7FF9 /* Build configuration list for PBXNativeTarget "MatchingPairs" */ = {
			isa = XCConfigurationList;
			buildConfigurations = (
				C25505602B94CA13007D7FF9 /* Debug */,
				C25505612B94CA13007D7FF9 /* Release */,
			);
			defaultConfigurationIsVisible = 0;
			defaultConfigurationName = Release;
		};
/* End XCConfigurationList section */

/* Begin XCVersionGroup section */
		C228205D2B9748D8006E3304 /* PlayersDB.xcdatamodeld */ = {
			isa = XCVersionGroup;
			children = (
				C228205E2B9748D8006E3304 /* PlayersDB.xcdatamodel */,
			);
			currentVersion = C228205E2B9748D8006E3304 /* PlayersDB.xcdatamodel */;
			path = PlayersDB.xcdatamodeld;
			sourceTree = "<group>";
			versionGroupType = wrapper.xcdatamodel;
		};
/* End XCVersionGroup section */
	};
	rootObject = C25505432B94CA11007D7FF9 /* Project object */;
}
